<?xml version="1.0" encoding="utf-8"?>
<Project ToolsVersion="4.0" xmlns="http://schemas.microsoft.com/developer/msbuild/2003">
  <ItemGroup>
    <Filter Include="source">
      <UniqueIdentifier>{9acf54b8-c9c9-4b9a-a5bf-81605ed10905}</UniqueIdentifier>
    </Filter>
    <Filter Include="Resources">
      <UniqueIdentifier>{67DA6AB6-F800-4c08-8B7A-83BB121AAD01}</UniqueIdentifier>
      <Extensions>rc;ico;cur;bmp;dlg;rc2;rct;bin;rgs;gif;jpg;jpeg;jpe;resx;tiff;tif;png;wav;mfcribbon-ms</Extensions>
    </Filter>
    <Filter Include="Resources\Icons">
      <UniqueIdentifier>{f7780887-aa52-4233-92c1-c1e2c897e748}</UniqueIdentifier>
    </Filter>
    <Filter Include="source\Framework">
      <UniqueIdentifier>{a8cb4619-cfe1-49da-a140-fcf53ff8a473}</UniqueIdentifier>
    </Filter>
    <Filter Include="source\Framework\pch">
      <UniqueIdentifier>{a49ac5a1-6e95-4eee-9edf-00f8904bac96}</UniqueIdentifier>
    </Filter>
    <Filter Include="source\Framework\Private">
      <UniqueIdentifier>{4FC737F1-C7A5-4376-A066-2A32D752A2FF}</UniqueIdentifier>
      <Extensions>cpp;c;cc;cxx;c++;cppm;ixx;def;odl;idl;hpj;bat;asm;asmx</Extensions>
    </Filter>
    <Filter Include="source\Framework\Public">
      <UniqueIdentifier>{93995380-89BD-4b04-88EB-625FBE52EBFB}</UniqueIdentifier>
      <Extensions>h;hh;hpp;hxx;h++;hm;inl;inc;ipp;xsd</Extensions>
    </Filter>
    <Filter Include="source\CubeRenderer">
      <UniqueIdentifier>{03eaebe5-2516-4203-b6b9-44556a0a1940}</UniqueIdentifier>
    </Filter>
    <Filter Include="source\ParticleGame">
      <UniqueIdentifier>{331133ac-f91b-4c9c-80f0-81643f1690ca}</UniqueIdentifier>
    </Filter>
  </ItemGroup>
  <ItemGroup>
    <ClInclude Include="resource.h">
      <Filter>Resources</Filter>
    </ClInclude>
    <ClInclude Include="source\Framework\Application.h">
      <Filter>source\Framework\Public</Filter>
    </ClInclude>
    <ClInclude Include="source\Framework\CommandQueue.h">
      <Filter>source\Framework\Public</Filter>
    </ClInclude>
    <ClInclude Include="source\Framework\d3dx12.h">
      <Filter>source\Framework\Public</Filter>
    </ClInclude>
    <ClInclude Include="source\Framework\Events.h">
      <Filter>source\Framework\Public</Filter>
    </ClInclude>
    <ClInclude Include="source\Framework\Game.h">
      <Filter>source\Framework\Public</Filter>
    </ClInclude>
    <ClInclude Include="source\Framework\Helpers.h">
      <Filter>source\Framework\Public</Filter>
    </ClInclude>
    <ClInclude Include="source\Framework\HighResolutionClock.h">
      <Filter>source\Framework\Public</Filter>
    </ClInclude>
    <ClInclude Include="source\Framework\KeyCodes.h">
      <Filter>source\Framework\Public</Filter>
    </ClInclude>
    <ClInclude Include="source\Framework\Window.h">
      <Filter>source\Framework\Public</Filter>
    </ClInclude>
    <ClInclude Include="source\Framework\pch.h">
      <Filter>source\Framework\pch</Filter>
    </ClInclude>
    <ClInclude Include="source\CubeRenderer\CubeRenderer.h">
      <Filter>source\CubeRenderer</Filter>
    </ClInclude>
    <ClInclude Include="source\ParticleGame\ParticleGame.h">
      <Filter>source\ParticleGame</Filter>
    </ClInclude>
    <ClInclude Include="source\Framework\DDSTextureLoader12.h">
      <Filter>source\Framework\Public</Filter>
    </ClInclude>
  </ItemGroup>
  <ItemGroup>
    <ResourceCompile Include="DirectX12Particles.rc">
      <Filter>Resources</Filter>
    </ResourceCompile>
  </ItemGroup>
  <ItemGroup>
    <Image Include="Assets\Icons\ParticleIco.ico">
      <Filter>Resources\Icons</Filter>
    </Image>
  </ItemGroup>
  <ItemGroup>
    <ClCompile Include="source\Framework\Application.cpp">
      <Filter>source\Framework\Private</Filter>
    </ClCompile>
    <ClCompile Include="source\Framework\CommandQueue.cpp">
      <Filter>source\Framework\Private</Filter>
    </ClCompile>
    <ClCompile Include="source\Framework\Game.cpp">
      <Filter>source\Framework\Private</Filter>
    </ClCompile>
    <ClCompile Include="source\Framework\HighResolutionClock.cpp">
      <Filter>source\Framework\Private</Filter>
    </ClCompile>
    <ClCompile Include="source\Framework\Window.cpp">
      <Filter>source\Framework\Private</Filter>
    </ClCompile>
    <ClCompile Include="source\Framework\WinMain.cpp">
      <Filter>source\Framework\Private</Filter>
    </ClCompile>
    <ClCompile Include="source\Framework\pch.cpp">
      <Filter>source\Framework\pch</Filter>
    </ClCompile>
    <ClCompile Include="source\CubeRenderer\CubeRenderer.cpp">
      <Filter>source\CubeRenderer</Filter>
    </ClCompile>
    <ClCompile Include="source\ParticleGame\ParticleGame.cpp">
      <Filter>source\ParticleGame</Filter>
    </ClCompile>
    <ClCompile Include="source\Framework\DDSTextureLoader12.cpp">
      <Filter>source\Framework\Private</Filter>
    </ClCompile>
  </ItemGroup>
  <ItemGroup>
    <FxCompile Include="source\CubeRenderer\f_PositionColor.hlsl">
      <Filter>source\CubeRenderer</Filter>
    </FxCompile>
    <FxCompile Include="source\CubeRenderer\v_Passthrough.hlsl">
      <Filter>source\CubeRenderer</Filter>
    </FxCompile>
    <FxCompile Include="source\ParticleGame\ComputeEmitter.hlsl">
      <Filter>source\ParticleGame</Filter>
    </FxCompile>
    <FxCompile Include="source\ParticleGame\ComputeSimulator.hlsl">
      <Filter>source\ParticleGame</Filter>
    </FxCompile>
    <FxCompile Include="source\ParticleGame\ComputeGenerateArgs.hlsl">
      <Filter>source\ParticleGame</Filter>
    </FxCompile>
    <FxCompile Include="source\ParticleGame\ComputePostProcess.hlsl">
      <Filter>source\ParticleGame</Filter>
    </FxCompile>
    <FxCompile Include="source\ParticleGame\PixelAABB.hlsl">
      <Filter>source\ParticleGame</Filter>
    </FxCompile>
    <FxCompile Include="source\ParticleGame\PixelParticle.hlsl">
      <Filter>source\ParticleGame</Filter>
    </FxCompile>
    <FxCompile Include="source\ParticleGame\VertexAABB.hlsl">
      <Filter>source\ParticleGame</Filter>
    </FxCompile>
    <FxCompile Include="source\ParticleGame\VertexParticle.hlsl">
      <Filter>source\ParticleGame</Filter>
    </FxCompile>
    <FxCompile Include="source\ParticleGame\VertexRoom.hlsl">
      <Filter>source\ParticleGame</Filter>
    </FxCompile>
  </ItemGroup>
</Project>